
Microsoft Visual Studio Solution File, Format Version 12.00
# Visual Studio Version 17
VisualStudioVersion = 17.8.34511.84
MinimumVisualStudioVersion = 10.0.40219.1
Project("{9A19103F-16F7-4668-BE54-9A1E7A4F7556}") = "PIM_Fazenda_Urbana", "PIM_Fazenda_Urbana\PIM_Fazenda_Urbana.csproj", "{CFAD24A6-505F-4AB9-9C9C-52A575E07FA0}"
EndProject
Global
	GlobalSection(SolutionConfigurationPlatforms) = preSolution
		Debug|Any CPU = Debug|Any CPU
		Release|Any CPU = Release|Any CPU
	EndGlobalSection
	GlobalSection(ProjectConfigurationPlatforms) = postSolution
		{CFAD24A6-505F-4AB9-9C9C-52A575E07FA0}.Debug|Any CPU.ActiveCfg = Debug|Any CPU
		{CFAD24A6-505F-4AB9-9C9C-52A575E07FA0}.Debug|Any CPU.Build.0 = Debug|Any CPU
		{CFAD24A6-505F-4AB9-9C9C-52A575E07FA0}.Release|Any CPU.ActiveCfg = Release|Any CPU
		{CFAD24A6-505F-4AB9-9C9C-52A575E07FA0}.Release|Any CPU.Build.0 = Release|Any CPU
	EndGlobalSection
	GlobalSection(SolutionProperties) = preSolution
		HideSolutionNode = FALSE
	EndGlobalSection
	GlobalSection(ExtensibilityGlobals) = postSolution
		SolutionGuid = {8E588A75-F83F-429B-B6E8-85D571B73DB9}
	EndGlobalSection
EndGlobal
